
Microsoft Visual Studio Solution File, Format Version 12.00
# Visual Studio Version 17
VisualStudioVersion = 17.7.34202.233
MinimumVisualStudioVersion = 10.0.40219.1
Project("{FAE04EC0-301F-11D3-BF4B-00C04F79EFBC}") = "Bank", "Bank.csproj", "{DA2DF1E9-D7BB-4F30-838E-1BF27DFD28B7}"
EndProject
Global
	GlobalSection(SolutionConfigurationPlatforms) = preSolution
		Debug|Any CPU = Debug|Any CPU
		Release|Any CPU = Release|Any CPU
	EndGlobalSection
	GlobalSection(ProjectConfigurationPlatforms) = postSolution
		{DA2DF1E9-D7BB-4F30-838E-1BF27DFD28B7}.Debug|Any CPU.ActiveCfg = Debug|Any CPU
		{DA2DF1E9-D7BB-4F30-838E-1BF27DFD28B7}.Debug|Any CPU.Build.0 = Debug|Any CPU
		{DA2DF1E9-D7BB-4F30-838E-1BF27DFD28B7}.Release|Any CPU.ActiveCfg = Release|Any CPU
		{DA2DF1E9-D7BB-4F30-838E-1BF27DFD28B7}.Release|Any CPU.Build.0 = Release|Any CPU
	EndGlobalSection
	GlobalSection(SolutionProperties) = preSolution
		HideSolutionNode = FALSE
	EndGlobalSection
	GlobalSection(ExtensibilityGlobals) = postSolution
		SolutionGuid = {26F81B16-D6B5-4694-981B-E1F023689076}
	EndGlobalSection
EndGlobal
